
Microsoft Visual Studio Solution File, Format Version 12.00
# Visual Studio Version 17
VisualStudioVersion = 17.10.34804.81
MinimumVisualStudioVersion = 10.0.40219.1
Project("{FAE04EC0-301F-11D3-BF4B-00C04F79EFBC}") = "Design Pattern", "Design Pattern\Design Pattern.csproj", "{88BDFACC-0FC4-4849-98CC-7B52DB4BF815}"
EndProject
Global
	GlobalSection(SolutionConfigurationPlatforms) = preSolution
		Debug|Any CPU = Debug|Any CPU
		Release|Any CPU = Release|Any CPU
	EndGlobalSection
	GlobalSection(ProjectConfigurationPlatforms) = postSolution
		{88BDFACC-0FC4-4849-98CC-7B52DB4BF815}.Debug|Any CPU.ActiveCfg = Debug|Any CPU
		{88BDFACC-0FC4-4849-98CC-7B52DB4BF815}.Debug|Any CPU.Build.0 = Debug|Any CPU
		{88BDFACC-0FC4-4849-98CC-7B52DB4BF815}.Release|Any CPU.ActiveCfg = Release|Any CPU
		{88BDFACC-0FC4-4849-98CC-7B52DB4BF815}.Release|Any CPU.Build.0 = Release|Any CPU
	EndGlobalSection
	GlobalSection(SolutionProperties) = preSolution
		HideSolutionNode = FALSE
	EndGlobalSection
	GlobalSection(ExtensibilityGlobals) = postSolution
		SolutionGuid = {95A232A6-02DD-45D2-ADB6-7CDE288DADB2}
	EndGlobalSection
EndGlobal
